
Microsoft Visual Studio Solution File, Format Version 12.00
# Visual Studio Version 16
VisualStudioVersion = 16.0.32002.261
MinimumVisualStudioVersion = 10.0.40219.1
Project("{FAE04EC0-301F-11D3-BF4B-00C04F79EFBC}") = "Exercises 2", "Exercises 2.csproj", "{794EE7D8-0F13-46B8-A5C2-BC7A3CA1713D}"
EndProject
Global
	GlobalSection(SolutionConfigurationPlatforms) = preSolution
		Debug|Any CPU = Debug|Any CPU
		Release|Any CPU = Release|Any CPU
	EndGlobalSection
	GlobalSection(ProjectConfigurationPlatforms) = postSolution
		{794EE7D8-0F13-46B8-A5C2-BC7A3CA1713D}.Debug|Any CPU.ActiveCfg = Debug|Any CPU
		{794EE7D8-0F13-46B8-A5C2-BC7A3CA1713D}.Debug|Any CPU.Build.0 = Debug|Any CPU
		{794EE7D8-0F13-46B8-A5C2-BC7A3CA1713D}.Release|Any CPU.ActiveCfg = Release|Any CPU
		{794EE7D8-0F13-46B8-A5C2-BC7A3CA1713D}.Release|Any CPU.Build.0 = Release|Any CPU
	EndGlobalSection
	GlobalSection(SolutionProperties) = preSolution
		HideSolutionNode = FALSE
	EndGlobalSection
	GlobalSection(ExtensibilityGlobals) = postSolution
		SolutionGuid = {08BD6D9E-998D-459B-B3D1-C455286AC5A3}
	EndGlobalSection
EndGlobal
